
Microsoft Visual Studio Solution File, Format Version 12.00
# Visual Studio Version 17
VisualStudioVersion = 17.9.34723.18
MinimumVisualStudioVersion = 10.0.40219.1
Project("{FAE04EC0-301F-11D3-BF4B-00C04F79EFBC}") = "FrmControl", "FrmControl\FrmControl.csproj", "{D50E8CDB-9D79-410A-A4DA-43A307D17884}"
EndProject
Project("{FAE04EC0-301F-11D3-BF4B-00C04F79EFBC}") = "AutoComTest", "AutoComTest\AutoComTest.csproj", "{720A2839-B484-41BE-A906-954AC4B4ADA3}"
	ProjectSection(ProjectDependencies) = postProject
		{58037466-8377-498F-BB03-CBA62AF571FC} = {58037466-8377-498F-BB03-CBA62AF571FC}
	EndProjectSection
EndProject
Project("{FAE04EC0-301F-11D3-BF4B-00C04F79EFBC}") = "TestDemo", "TestDemo\TestDemo.csproj", "{91BD652E-C624-4F1B-B500-C5816A440579}"
EndProject
Project("{FAE04EC0-301F-11D3-BF4B-00C04F79EFBC}") = "IOCCodeGenerator", "IOCCodeGenerator\IOCCodeGenerator.csproj", "{58037466-8377-498F-BB03-CBA62AF571FC}"
EndProject
Project("{D954291E-2A0B-460D-934E-DC6B0785DB48}") = "UPPER.Shared", "UPPER.Shared\UPPER.Shared.shproj", "{CF82D5A3-E4E9-447B-8EB3-6200954CFE4E}"
EndProject
Project("{FAE04EC0-301F-11D3-BF4B-00C04F79EFBC}") = "UPPERIOC", "UPPERIOC\UPPERIOC.csproj", "{7BC98436-8116-4547-A174-9D0AC126A3CC}"
EndProject
Global
	GlobalSection(SolutionConfigurationPlatforms) = preSolution
		Debug|Any CPU = Debug|Any CPU
		Release|Any CPU = Release|Any CPU
	EndGlobalSection
	GlobalSection(ProjectConfigurationPlatforms) = postSolution
		{D50E8CDB-9D79-410A-A4DA-43A307D17884}.Debug|Any CPU.ActiveCfg = Debug|Any CPU
		{D50E8CDB-9D79-410A-A4DA-43A307D17884}.Debug|Any CPU.Build.0 = Debug|Any CPU
		{D50E8CDB-9D79-410A-A4DA-43A307D17884}.Release|Any CPU.ActiveCfg = Release|Any CPU
		{D50E8CDB-9D79-410A-A4DA-43A307D17884}.Release|Any CPU.Build.0 = Release|Any CPU
		{720A2839-B484-41BE-A906-954AC4B4ADA3}.Debug|Any CPU.ActiveCfg = Debug|Any CPU
		{720A2839-B484-41BE-A906-954AC4B4ADA3}.Debug|Any CPU.Build.0 = Debug|Any CPU
		{720A2839-B484-41BE-A906-954AC4B4ADA3}.Release|Any CPU.ActiveCfg = Release|Any CPU
		{720A2839-B484-41BE-A906-954AC4B4ADA3}.Release|Any CPU.Build.0 = Release|Any CPU
		{91BD652E-C624-4F1B-B500-C5816A440579}.Debug|Any CPU.ActiveCfg = Debug|Any CPU
		{91BD652E-C624-4F1B-B500-C5816A440579}.Debug|Any CPU.Build.0 = Debug|Any CPU
		{91BD652E-C624-4F1B-B500-C5816A440579}.Release|Any CPU.ActiveCfg = Release|Any CPU
		{91BD652E-C624-4F1B-B500-C5816A440579}.Release|Any CPU.Build.0 = Release|Any CPU
		{58037466-8377-498F-BB03-CBA62AF571FC}.Debug|Any CPU.ActiveCfg = Debug|Any CPU
		{58037466-8377-498F-BB03-CBA62AF571FC}.Debug|Any CPU.Build.0 = Debug|Any CPU
		{58037466-8377-498F-BB03-CBA62AF571FC}.Release|Any CPU.ActiveCfg = Release|Any CPU
		{58037466-8377-498F-BB03-CBA62AF571FC}.Release|Any CPU.Build.0 = Release|Any CPU
		{7BC98436-8116-4547-A174-9D0AC126A3CC}.Debug|Any CPU.ActiveCfg = Debug|Any CPU
		{7BC98436-8116-4547-A174-9D0AC126A3CC}.Debug|Any CPU.Build.0 = Debug|Any CPU
		{7BC98436-8116-4547-A174-9D0AC126A3CC}.Release|Any CPU.ActiveCfg = Release|Any CPU
		{7BC98436-8116-4547-A174-9D0AC126A3CC}.Release|Any CPU.Build.0 = Release|Any CPU
	EndGlobalSection
	GlobalSection(SolutionProperties) = preSolution
		HideSolutionNode = FALSE
	EndGlobalSection
	GlobalSection(ExtensibilityGlobals) = postSolution
		SolutionGuid = {222FD9B0-85B4-43F1-B03B-A85920FDCC8F}
	EndGlobalSection
	GlobalSection(SharedMSBuildProjectFiles) = preSolution
		UPPER.Shared\UPPER.Shared.projitems*{58037466-8377-498f-bb03-cba62af571fc}*SharedItemsImports = 5
		UPPER.Shared\UPPER.Shared.projitems*{cf82d5a3-e4e9-447b-8eb3-6200954cfe4e}*SharedItemsImports = 13
	EndGlobalSection
EndGlobal
