
Microsoft Visual Studio Solution File, Format Version 12.00
# Visual Studio Version 17
VisualStudioVersion = 17.9.34723.18
MinimumVisualStudioVersion = 10.0.40219.1
Project("{FAE04EC0-301F-11D3-BF4B-00C04F79EFBC}") = "UpperComAutoTest", "UpperComAutoTest\UpperComAutoTest.csproj", "{67134889-7313-40EE-9015-0E2664C159B0}"
EndProject
Global
	GlobalSection(SolutionConfigurationPlatforms) = preSolution
		Debug|Any CPU = Debug|Any CPU
		Release|Any CPU = Release|Any CPU
	EndGlobalSection
	GlobalSection(ProjectConfigurationPlatforms) = postSolution
		{67134889-7313-40EE-9015-0E2664C159B0}.Debug|Any CPU.ActiveCfg = Debug|Any CPU
		{67134889-7313-40EE-9015-0E2664C159B0}.Debug|Any CPU.Build.0 = Debug|Any CPU
		{67134889-7313-40EE-9015-0E2664C159B0}.Release|Any CPU.ActiveCfg = Release|Any CPU
		{67134889-7313-40EE-9015-0E2664C159B0}.Release|Any CPU.Build.0 = Release|Any CPU
	EndGlobalSection
	GlobalSection(SolutionProperties) = preSolution
		HideSolutionNode = FALSE
	EndGlobalSection
	GlobalSection(ExtensibilityGlobals) = postSolution
		SolutionGuid = {222FD9B0-85B4-43F1-B03B-A85920FDCC8F}
	EndGlobalSection
EndGlobal
